
Microsoft Visual Studio Solution File, Format Version 12.00
# Visual Studio Version 17
VisualStudioVersion = 17.6.33801.468
MinimumVisualStudioVersion = 10.0.40219.1
Project("{9A19103F-16F7-4668-BE54-9A1E7A4F7556}") = "Personnel.Model", "Personnel.Model\Personnel.Model.csproj", "{9A776656-56C4-4297-9EC4-824945D2608C}"
EndProject
Project("{9A19103F-16F7-4668-BE54-9A1E7A4F7556}") = "Personnel.Service", "Personnel.Service\Personnel.Service.csproj", "{3F49D9D6-93BB-4D2A-A791-3BFC6B3EA823}"
EndProject
Project("{FAE04EC0-301F-11D3-BF4B-00C04F79EFBC}") = "PersonnelSelfService.API", "PersonnelSelfService.API\PersonnelSelfService.API.csproj", "{E297DD1C-6B50-4A8F-9228-B50F06018167}"
EndProject
Project("{FAE04EC0-301F-11D3-BF4B-00C04F79EFBC}") = "PersonnelSelfService.Migrations", "PersonnelSelfService.Migrations\PersonnelSelfService.Migrations.csproj", "{FCE8FEDE-5D24-497B-8544-9E30148D8162}"
EndProject
Global
	GlobalSection(SolutionConfigurationPlatforms) = preSolution
		Debug|Any CPU = Debug|Any CPU
		Release|Any CPU = Release|Any CPU
	EndGlobalSection
	GlobalSection(ProjectConfigurationPlatforms) = postSolution
		{9A776656-56C4-4297-9EC4-824945D2608C}.Debug|Any CPU.ActiveCfg = Debug|Any CPU
		{9A776656-56C4-4297-9EC4-824945D2608C}.Debug|Any CPU.Build.0 = Debug|Any CPU
		{9A776656-56C4-4297-9EC4-824945D2608C}.Release|Any CPU.ActiveCfg = Release|Any CPU
		{9A776656-56C4-4297-9EC4-824945D2608C}.Release|Any CPU.Build.0 = Release|Any CPU
		{3F49D9D6-93BB-4D2A-A791-3BFC6B3EA823}.Debug|Any CPU.ActiveCfg = Debug|Any CPU
		{3F49D9D6-93BB-4D2A-A791-3BFC6B3EA823}.Debug|Any CPU.Build.0 = Debug|Any CPU
		{3F49D9D6-93BB-4D2A-A791-3BFC6B3EA823}.Release|Any CPU.ActiveCfg = Release|Any CPU
		{3F49D9D6-93BB-4D2A-A791-3BFC6B3EA823}.Release|Any CPU.Build.0 = Release|Any CPU
		{E297DD1C-6B50-4A8F-9228-B50F06018167}.Debug|Any CPU.ActiveCfg = Debug|Any CPU
		{E297DD1C-6B50-4A8F-9228-B50F06018167}.Debug|Any CPU.Build.0 = Debug|Any CPU
		{E297DD1C-6B50-4A8F-9228-B50F06018167}.Release|Any CPU.ActiveCfg = Release|Any CPU
		{E297DD1C-6B50-4A8F-9228-B50F06018167}.Release|Any CPU.Build.0 = Release|Any CPU
		{FCE8FEDE-5D24-497B-8544-9E30148D8162}.Debug|Any CPU.ActiveCfg = Debug|Any CPU
		{FCE8FEDE-5D24-497B-8544-9E30148D8162}.Debug|Any CPU.Build.0 = Debug|Any CPU
		{FCE8FEDE-5D24-497B-8544-9E30148D8162}.Release|Any CPU.ActiveCfg = Release|Any CPU
		{FCE8FEDE-5D24-497B-8544-9E30148D8162}.Release|Any CPU.Build.0 = Release|Any CPU
	EndGlobalSection
	GlobalSection(SolutionProperties) = preSolution
		HideSolutionNode = FALSE
	EndGlobalSection
	GlobalSection(ExtensibilityGlobals) = postSolution
		SolutionGuid = {1EA73691-192B-4F97-B703-D5EE16EF0FB7}
	EndGlobalSection
EndGlobal
